
Microsoft Visual Studio Solution File, Format Version 12.00
# Visual Studio Version 17
VisualStudioVersion = 17.11.35327.3
MinimumVisualStudioVersion = 10.0.40219.1
Project("{9A19103F-16F7-4668-BE54-9A1E7A4F7556}") = "OperatorsApp", "OperatorsApp\OperatorsApp.csproj", "{58B03331-A8A5-4945-90AB-EB7396144A17}"
EndProject
Project("{9A19103F-16F7-4668-BE54-9A1E7A4F7556}") = "ChildOperatorsFile", "ChildOperatorsFile\ChildOperatorsFile.csproj", "{84E337BC-D5E1-41A3-9C3D-AC2A7416EADD}"
EndProject
Project("{9A19103F-16F7-4668-BE54-9A1E7A4F7556}") = "ClassAndStruct", "ClassAndStruct\ClassAndStruct.csproj", "{E4669A3C-5F0F-4914-9F00-D47F80886C85}"
EndProject
Project("{FAE04EC0-301F-11D3-BF4B-00C04F79EFBC}") = "ArraysExamples", "ArraysExamples\ArraysExamples.csproj", "{4A1F13AA-9EB9-4403-99BA-3BCBB21233A2}"
EndProject
Global
	GlobalSection(SolutionConfigurationPlatforms) = preSolution
		Debug|Any CPU = Debug|Any CPU
		Release|Any CPU = Release|Any CPU
	EndGlobalSection
	GlobalSection(ProjectConfigurationPlatforms) = postSolution
		{58B03331-A8A5-4945-90AB-EB7396144A17}.Debug|Any CPU.ActiveCfg = Debug|Any CPU
		{58B03331-A8A5-4945-90AB-EB7396144A17}.Debug|Any CPU.Build.0 = Debug|Any CPU
		{58B03331-A8A5-4945-90AB-EB7396144A17}.Release|Any CPU.ActiveCfg = Release|Any CPU
		{58B03331-A8A5-4945-90AB-EB7396144A17}.Release|Any CPU.Build.0 = Release|Any CPU
		{84E337BC-D5E1-41A3-9C3D-AC2A7416EADD}.Debug|Any CPU.ActiveCfg = Debug|Any CPU
		{84E337BC-D5E1-41A3-9C3D-AC2A7416EADD}.Debug|Any CPU.Build.0 = Debug|Any CPU
		{84E337BC-D5E1-41A3-9C3D-AC2A7416EADD}.Release|Any CPU.ActiveCfg = Release|Any CPU
		{84E337BC-D5E1-41A3-9C3D-AC2A7416EADD}.Release|Any CPU.Build.0 = Release|Any CPU
		{E4669A3C-5F0F-4914-9F00-D47F80886C85}.Debug|Any CPU.ActiveCfg = Debug|Any CPU
		{E4669A3C-5F0F-4914-9F00-D47F80886C85}.Debug|Any CPU.Build.0 = Debug|Any CPU
		{E4669A3C-5F0F-4914-9F00-D47F80886C85}.Release|Any CPU.ActiveCfg = Release|Any CPU
		{E4669A3C-5F0F-4914-9F00-D47F80886C85}.Release|Any CPU.Build.0 = Release|Any CPU
		{4A1F13AA-9EB9-4403-99BA-3BCBB21233A2}.Debug|Any CPU.ActiveCfg = Debug|Any CPU
		{4A1F13AA-9EB9-4403-99BA-3BCBB21233A2}.Debug|Any CPU.Build.0 = Debug|Any CPU
		{4A1F13AA-9EB9-4403-99BA-3BCBB21233A2}.Release|Any CPU.ActiveCfg = Release|Any CPU
		{4A1F13AA-9EB9-4403-99BA-3BCBB21233A2}.Release|Any CPU.Build.0 = Release|Any CPU
	EndGlobalSection
	GlobalSection(SolutionProperties) = preSolution
		HideSolutionNode = FALSE
	EndGlobalSection
	GlobalSection(ExtensibilityGlobals) = postSolution
		SolutionGuid = {8A38E7E7-8BDD-4439-BEFB-8D8D3A6D0923}
	EndGlobalSection
EndGlobal
