
Microsoft Visual Studio Solution File, Format Version 12.00
# Visual Studio Version 17
VisualStudioVersion = 17.11.35327.3
MinimumVisualStudioVersion = 10.0.40219.1
Project("{FAE04EC0-301F-11D3-BF4B-00C04F79EFBC}") = "ControlStatExercises", "ControlStatExercises\ControlStatExercises.csproj", "{EB9C3EE2-A7E7-49DD-8A8B-170B21CFCE07}"
EndProject
Global
	GlobalSection(SolutionConfigurationPlatforms) = preSolution
		Debug|Any CPU = Debug|Any CPU
		Release|Any CPU = Release|Any CPU
	EndGlobalSection
	GlobalSection(ProjectConfigurationPlatforms) = postSolution
		{EB9C3EE2-A7E7-49DD-8A8B-170B21CFCE07}.Debug|Any CPU.ActiveCfg = Debug|Any CPU
		{EB9C3EE2-A7E7-49DD-8A8B-170B21CFCE07}.Debug|Any CPU.Build.0 = Debug|Any CPU
		{EB9C3EE2-A7E7-49DD-8A8B-170B21CFCE07}.Release|Any CPU.ActiveCfg = Release|Any CPU
		{EB9C3EE2-A7E7-49DD-8A8B-170B21CFCE07}.Release|Any CPU.Build.0 = Release|Any CPU
	EndGlobalSection
	GlobalSection(SolutionProperties) = preSolution
		HideSolutionNode = FALSE
	EndGlobalSection
	GlobalSection(ExtensibilityGlobals) = postSolution
		SolutionGuid = {04128DE8-AE84-41A0-9B09-19C6724BF46F}
	EndGlobalSection
EndGlobal
